<?xml version="1.0" encoding="utf-8"?>
<Project ToolsVersion="4.0" xmlns="http://schemas.microsoft.com/developer/msbuild/2003">
  <ItemGroup>
    <ClCompile Include="LC.cpp" />
    <ClCompile Include="dllmain.cpp" />
    <ClCompile Include="Water.cpp">
      <Filter>patches</Filter>
    </ClCompile>
    <ClCompile Include="GroupMap.cpp">
      <Filter>patches</Filter>
    </ClCompile>
    <ClCompile Include="Settings.cpp" />
    <ClCompile Include="Paths.cpp">
      <Filter>patches</Filter>
    </ClCompile>
    <ClCompile Include="CWaterData.cpp">
      <Filter>expanded features</Filter>
    </ClCompile>
    <ClCompile Include="Hooking.cpp">
      <Filter>hooking</Filter>
    </ClCompile>
    <ClCompile Include="Hooking.Patterns.cpp">
      <Filter>hooking</Filter>
    </ClCompile>
    <ClCompile Include="CDataFileMgr.cpp">
      <Filter>misc</Filter>
    </ClCompile>
    <ClCompile Include="CPathFind.cpp">
      <Filter>misc</Filter>
    </ClCompile>
    <ClCompile Include="Events.cpp">
      <Filter>misc</Filter>
    </ClCompile>
    <ClCompile Include="UsingAllocator.cpp">
      <Filter>misc</Filter>
    </ClCompile>
  </ItemGroup>
  <ItemGroup>
    <ClInclude Include="Water.h">
      <Filter>patches</Filter>
    </ClInclude>
    <ClInclude Include="GroupMap.h">
      <Filter>patches</Filter>
    </ClInclude>
    <ClInclude Include="Settings.h" />
    <ClInclude Include="Paths.h">
      <Filter>patches</Filter>
    </ClInclude>
    <ClInclude Include="CWaterData.h">
      <Filter>expanded features</Filter>
    </ClInclude>
    <ClInclude Include="eWaterArea.h">
      <Filter>expanded features</Filter>
    </ClInclude>
    <ClInclude Include="CWaterTune.h">
      <Filter>expanded features</Filter>
    </ClInclude>
    <ClInclude Include="DecalLimits.h">
      <Filter>patches</Filter>
    </ClInclude>
    <ClInclude Include="RadioStations.h">
      <Filter>patches</Filter>
    </ClInclude>
    <ClInclude Include="PopZones.h">
      <Filter>patches</Filter>
    </ClInclude>
    <ClInclude Include="RockstarEditor.h">
      <Filter>patches</Filter>
    </ClInclude>
    <ClInclude Include="Hooking.h">
      <Filter>hooking</Filter>
    </ClInclude>
    <ClInclude Include="Hooking.Patterns.h">
      <Filter>hooking</Filter>
    </ClInclude>
    <ClInclude Include="atArray.h">
      <Filter>misc</Filter>
    </ClInclude>
    <ClInclude Include="CDataFileMgr.h">
      <Filter>misc</Filter>
    </ClInclude>
    <ClInclude Include="CPathFind.h">
      <Filter>misc</Filter>
    </ClInclude>
    <ClInclude Include="Events.h">
      <Filter>misc</Filter>
    </ClInclude>
    <ClInclude Include="Globals.h">
      <Filter>misc</Filter>
    </ClInclude>
    <ClInclude Include="Hashing.h">
      <Filter>misc</Filter>
    </ClInclude>
    <ClInclude Include="UsingAllocator.h">
      <Filter>misc</Filter>
    </ClInclude>
    <ClInclude Include="WeaponInfo.h">
      <Filter>patches</Filter>
    </ClInclude>
  </ItemGroup>
  <ItemGroup>
    <Filter Include="patches">
      <UniqueIdentifier>{cdf43ec4-d752-45f2-889f-c57c7bdeaadc}</UniqueIdentifier>
    </Filter>
    <Filter Include="expanded features">
      <UniqueIdentifier>{ed020914-d33d-43ad-a5e7-8e9823624262}</UniqueIdentifier>
    </Filter>
    <Filter Include="hooking">
      <UniqueIdentifier>{b5810f36-c6ad-47ca-8105-4729ded7b8f7}</UniqueIdentifier>
    </Filter>
    <Filter Include="misc">
      <UniqueIdentifier>{9ea94fff-63b8-4af1-a6ed-5768661586ad}</UniqueIdentifier>
    </Filter>
  </ItemGroup>
</Project>